
Microsoft Visual Studio Solution File, Format Version 12.00
# Visual Studio Version 16
VisualStudioVersion = 16.0.32228.343
MinimumVisualStudioVersion = 10.0.40219.1
Project("{9A19103F-16F7-4668-BE54-9A1E7A4F7556}") = "HitSync", "HitSync\HitSync.csproj", "{690D2561-B575-4A2A-9181-B0557E115296}"
EndProject
Project("{9A19103F-16F7-4668-BE54-9A1E7A4F7556}") = "HitSync.Core", "HitSync.Core\HitSync.Core.csproj", "{353ABDEC-3D33-4A18-9711-68C242E21564}"
EndProject
Project("{9A19103F-16F7-4668-BE54-9A1E7A4F7556}") = "HitSync.Persistence", "HitSync.Persistence\HitSync.Persistence.csproj", "{D7B4054C-45DB-42AB-8696-1CF9C76988A8}"
EndProject
Project("{9A19103F-16F7-4668-BE54-9A1E7A4F7556}") = "SYWCentralLogging", "Libraries\SYWCentralLogging\SYWCentralLogging.csproj", "{6F0FE2A4-90CA-47BC-BC69-567301FFBDC9}"
EndProject
Project("{9A19103F-16F7-4668-BE54-9A1E7A4F7556}") = "SYWPipeNetworkManager", "Libraries\SYWPipeNetworkManager\SYWPipeNetworkManager.csproj", "{F65B9DCC-8497-4C06-BC99-0092BC487AA8}"
EndProject
Global
	GlobalSection(SolutionConfigurationPlatforms) = preSolution
		Debug|Any CPU = Debug|Any CPU
		Release|Any CPU = Release|Any CPU
	EndGlobalSection
	GlobalSection(ProjectConfigurationPlatforms) = postSolution
		{690D2561-B575-4A2A-9181-B0557E115296}.Debug|Any CPU.ActiveCfg = Debug|Any CPU
		{690D2561-B575-4A2A-9181-B0557E115296}.Debug|Any CPU.Build.0 = Debug|Any CPU
		{690D2561-B575-4A2A-9181-B0557E115296}.Release|Any CPU.ActiveCfg = Release|Any CPU
		{690D2561-B575-4A2A-9181-B0557E115296}.Release|Any CPU.Build.0 = Release|Any CPU
		{353ABDEC-3D33-4A18-9711-68C242E21564}.Debug|Any CPU.ActiveCfg = Debug|Any CPU
		{353ABDEC-3D33-4A18-9711-68C242E21564}.Debug|Any CPU.Build.0 = Debug|Any CPU
		{353ABDEC-3D33-4A18-9711-68C242E21564}.Release|Any CPU.ActiveCfg = Release|Any CPU
		{353ABDEC-3D33-4A18-9711-68C242E21564}.Release|Any CPU.Build.0 = Release|Any CPU
		{D7B4054C-45DB-42AB-8696-1CF9C76988A8}.Debug|Any CPU.ActiveCfg = Debug|Any CPU
		{D7B4054C-45DB-42AB-8696-1CF9C76988A8}.Debug|Any CPU.Build.0 = Debug|Any CPU
		{D7B4054C-45DB-42AB-8696-1CF9C76988A8}.Release|Any CPU.ActiveCfg = Release|Any CPU
		{D7B4054C-45DB-42AB-8696-1CF9C76988A8}.Release|Any CPU.Build.0 = Release|Any CPU
		{6F0FE2A4-90CA-47BC-BC69-567301FFBDC9}.Debug|Any CPU.ActiveCfg = Debug|Any CPU
		{6F0FE2A4-90CA-47BC-BC69-567301FFBDC9}.Debug|Any CPU.Build.0 = Debug|Any CPU
		{6F0FE2A4-90CA-47BC-BC69-567301FFBDC9}.Release|Any CPU.ActiveCfg = Release|Any CPU
		{6F0FE2A4-90CA-47BC-BC69-567301FFBDC9}.Release|Any CPU.Build.0 = Release|Any CPU
		{F65B9DCC-8497-4C06-BC99-0092BC487AA8}.Debug|Any CPU.ActiveCfg = Debug|Any CPU
		{F65B9DCC-8497-4C06-BC99-0092BC487AA8}.Debug|Any CPU.Build.0 = Debug|Any CPU
		{F65B9DCC-8497-4C06-BC99-0092BC487AA8}.Release|Any CPU.ActiveCfg = Release|Any CPU
		{F65B9DCC-8497-4C06-BC99-0092BC487AA8}.Release|Any CPU.Build.0 = Release|Any CPU
	EndGlobalSection
	GlobalSection(SolutionProperties) = preSolution
		HideSolutionNode = FALSE
	EndGlobalSection
	GlobalSection(ExtensibilityGlobals) = postSolution
		SolutionGuid = {BD47BF8D-F590-4203-83D7-63E2E4B4FA09}
	EndGlobalSection
EndGlobal
